
Microsoft Visual Studio Solution File, Format Version 12.00
# Visual Studio Version 17
VisualStudioVersion = 17.13.35919.96 d17.13
MinimumVisualStudioVersion = 10.0.40219.1
Project("{FAE04EC0-301F-11D3-BF4B-00C04F79EFBC}") = "Sintomas", "Sintomas\Sintomas.csproj", "{6258CCEE-D847-42DC-902C-CE31D787A80C}"
EndProject
Global
	GlobalSection(SolutionConfigurationPlatforms) = preSolution
		Debug|Any CPU = Debug|Any CPU
		Release|Any CPU = Release|Any CPU
	EndGlobalSection
	GlobalSection(ProjectConfigurationPlatforms) = postSolution
		{6258CCEE-D847-42DC-902C-CE31D787A80C}.Debug|Any CPU.ActiveCfg = Debug|Any CPU
		{6258CCEE-D847-42DC-902C-CE31D787A80C}.Debug|Any CPU.Build.0 = Debug|Any CPU
		{6258CCEE-D847-42DC-902C-CE31D787A80C}.Release|Any CPU.ActiveCfg = Release|Any CPU
		{6258CCEE-D847-42DC-902C-CE31D787A80C}.Release|Any CPU.Build.0 = Release|Any CPU
	EndGlobalSection
	GlobalSection(SolutionProperties) = preSolution
		HideSolutionNode = FALSE
	EndGlobalSection
	GlobalSection(ExtensibilityGlobals) = postSolution
		SolutionGuid = {294DCCAE-28AD-4125-8518-E28E289D78D3}
	EndGlobalSection
EndGlobal
