
Microsoft Visual Studio Solution File, Format Version 12.00
# Visual Studio Version 17
VisualStudioVersion = 17.13.35919.96 d17.13
MinimumVisualStudioVersion = 10.0.40219.1
Project("{FAE04EC0-301F-11D3-BF4B-00C04F79EFBC}") = "Exercicios", "Exercicios\Exercicios.csproj", "{A501DA4D-2715-44C3-A8F0-03CF2727E352}"
EndProject
Global
	GlobalSection(SolutionConfigurationPlatforms) = preSolution
		Debug|Any CPU = Debug|Any CPU
		Release|Any CPU = Release|Any CPU
	EndGlobalSection
	GlobalSection(ProjectConfigurationPlatforms) = postSolution
		{A501DA4D-2715-44C3-A8F0-03CF2727E352}.Debug|Any CPU.ActiveCfg = Debug|Any CPU
		{A501DA4D-2715-44C3-A8F0-03CF2727E352}.Debug|Any CPU.Build.0 = Debug|Any CPU
		{A501DA4D-2715-44C3-A8F0-03CF2727E352}.Release|Any CPU.ActiveCfg = Release|Any CPU
		{A501DA4D-2715-44C3-A8F0-03CF2727E352}.Release|Any CPU.Build.0 = Release|Any CPU
	EndGlobalSection
	GlobalSection(SolutionProperties) = preSolution
		HideSolutionNode = FALSE
	EndGlobalSection
	GlobalSection(ExtensibilityGlobals) = postSolution
		SolutionGuid = {978F8589-3D09-4185-A3F3-741DC5F77634}
	EndGlobalSection
EndGlobal
