
Microsoft Visual Studio Solution File, Format Version 12.00
# Visual Studio Version 17
VisualStudioVersion = 17.13.35919.96 d17.13
MinimumVisualStudioVersion = 10.0.40219.1
Project("{FAE04EC0-301F-11D3-BF4B-00C04F79EFBC}") = "Matriz_teste", "Matriz_teste\Matriz_teste.csproj", "{B0A6D1D2-1DA9-4DFB-AD28-C8BADD89DDE0}"
EndProject
Global
	GlobalSection(SolutionConfigurationPlatforms) = preSolution
		Debug|Any CPU = Debug|Any CPU
		Release|Any CPU = Release|Any CPU
	EndGlobalSection
	GlobalSection(ProjectConfigurationPlatforms) = postSolution
		{B0A6D1D2-1DA9-4DFB-AD28-C8BADD89DDE0}.Debug|Any CPU.ActiveCfg = Debug|Any CPU
		{B0A6D1D2-1DA9-4DFB-AD28-C8BADD89DDE0}.Debug|Any CPU.Build.0 = Debug|Any CPU
		{B0A6D1D2-1DA9-4DFB-AD28-C8BADD89DDE0}.Release|Any CPU.ActiveCfg = Release|Any CPU
		{B0A6D1D2-1DA9-4DFB-AD28-C8BADD89DDE0}.Release|Any CPU.Build.0 = Release|Any CPU
	EndGlobalSection
	GlobalSection(SolutionProperties) = preSolution
		HideSolutionNode = FALSE
	EndGlobalSection
	GlobalSection(ExtensibilityGlobals) = postSolution
		SolutionGuid = {2CBB61CF-3C33-4E89-83C6-67239D875081}
	EndGlobalSection
EndGlobal
